
Microsoft Visual Studio Solution File, Format Version 12.00
# Visual Studio Version 17
VisualStudioVersion = 17.11.35219.272
MinimumVisualStudioVersion = 10.0.40219.1
Project("{FAE04EC0-301F-11D3-BF4B-00C04F79EFBC}") = "PracSem035005", "PracSem035005\PracSem035005.csproj", "{0EB8D9BB-E31D-48E6-AEA9-D62133F7D652}"
EndProject
Project("{FAE04EC0-301F-11D3-BF4B-00C04F79EFBC}") = "Clases", "Clases\Clases.csproj", "{A7A8A74D-CA75-4C07-B110-00B231B25D59}"
EndProject
Project("{FAE04EC0-301F-11D3-BF4B-00C04F79EFBC}") = "Aplicación", "Aplicación\Aplicación.csproj", "{5F20071E-6E50-4DBF-90A4-0AF362233475}"
EndProject
Global
	GlobalSection(SolutionConfigurationPlatforms) = preSolution
		Debug|Any CPU = Debug|Any CPU
		Release|Any CPU = Release|Any CPU
	EndGlobalSection
	GlobalSection(ProjectConfigurationPlatforms) = postSolution
		{0EB8D9BB-E31D-48E6-AEA9-D62133F7D652}.Debug|Any CPU.ActiveCfg = Debug|Any CPU
		{0EB8D9BB-E31D-48E6-AEA9-D62133F7D652}.Debug|Any CPU.Build.0 = Debug|Any CPU
		{0EB8D9BB-E31D-48E6-AEA9-D62133F7D652}.Release|Any CPU.ActiveCfg = Release|Any CPU
		{0EB8D9BB-E31D-48E6-AEA9-D62133F7D652}.Release|Any CPU.Build.0 = Release|Any CPU
		{A7A8A74D-CA75-4C07-B110-00B231B25D59}.Debug|Any CPU.ActiveCfg = Debug|Any CPU
		{A7A8A74D-CA75-4C07-B110-00B231B25D59}.Debug|Any CPU.Build.0 = Debug|Any CPU
		{A7A8A74D-CA75-4C07-B110-00B231B25D59}.Release|Any CPU.ActiveCfg = Release|Any CPU
		{A7A8A74D-CA75-4C07-B110-00B231B25D59}.Release|Any CPU.Build.0 = Release|Any CPU
		{5F20071E-6E50-4DBF-90A4-0AF362233475}.Debug|Any CPU.ActiveCfg = Debug|Any CPU
		{5F20071E-6E50-4DBF-90A4-0AF362233475}.Debug|Any CPU.Build.0 = Debug|Any CPU
		{5F20071E-6E50-4DBF-90A4-0AF362233475}.Release|Any CPU.ActiveCfg = Release|Any CPU
		{5F20071E-6E50-4DBF-90A4-0AF362233475}.Release|Any CPU.Build.0 = Release|Any CPU
	EndGlobalSection
	GlobalSection(SolutionProperties) = preSolution
		HideSolutionNode = FALSE
	EndGlobalSection
	GlobalSection(ExtensibilityGlobals) = postSolution
		SolutionGuid = {1A8DB38F-454E-4EAC-BBE7-0112B0B02A84}
	EndGlobalSection
EndGlobal
